PODS:
  - CXZtestSepecDome (0.1.0)
  - Expecta (1.0.6)
  - Expecta+Snapshots (3.1.1):
    - Expecta (~> 1.0)
    - FBSnapshotTestCase/Core (~> 2.0)
    - Specta (~> 1.0)
  - FBSnapshotTestCase (2.1.4):
    - FBSnapshotTestCase/SwiftSupport (= 2.1.4)
  - FBSnapshotTestCase/Core (2.1.4)
  - FBSnapshotTestCase/SwiftSupport (2.1.4):
    - FBSnapshotTestCase/Core
  - Specta (1.0.7)

DEPENDENCIES:
  - CXZtestSepecDome (from `../`)
  - Expecta
  - Expecta+Snapshots
  - FBSnapshotTestCase
  - Specta

EXTERNAL SOURCES:
  CXZtestSepecDome:
    :path: ../

SPEC CHECKSUMS:
  CXZtestSepecDome: 97a72c2214503093e39edb5dda375e5eb9c0f1d3
  Expecta: 3b6bd90a64b9a1dcb0b70aa0e10a7f8f631667d5
  Expecta+Snapshots: dcff217eef506dabd6dfdc7864ea2da321fafbb8
  FBSnapshotTestCase: 094f9f314decbabe373b87cc339bea235a63e07a
  Specta: 3e1bd89c3517421982dc4d1c992503e48bd5fe66

PODFILE CHECKSUM: 3f0c9d8e16d80cf0adacd3ba2fb4270a367fe96a

COCOAPODS: 1.3.1
